
Microsoft Visual Studio Solution File, Format Version 12.00
# Visual Studio Version 16
VisualStudioVersion = 16.0.31727.386
MinimumVisualStudioVersion = 10.0.40219.1
Project("{888888A0-9F3D-457C-B088-3A5042F75D52}") = "HW4.7", "HW4.7.pyproj", "{828F5142-6ACD-410B-BAAB-410F508CBE35}"
EndProject
Global
	GlobalSection(SolutionConfigurationPlatforms) = preSolution
		Debug|Any CPU = Debug|Any CPU
		Release|Any CPU = Release|Any CPU
	EndGlobalSection
	GlobalSection(ProjectConfigurationPlatforms) = postSolution
		{828F5142-6ACD-410B-BAAB-410F508CBE35}.Debug|Any CPU.ActiveCfg = Debug|Any CPU
		{828F5142-6ACD-410B-BAAB-410F508CBE35}.Release|Any CPU.ActiveCfg = Release|Any CPU
	EndGlobalSection
	GlobalSection(SolutionProperties) = preSolution
		HideSolutionNode = FALSE
	EndGlobalSection
	GlobalSection(ExtensibilityGlobals) = postSolution
		SolutionGuid = {F8E688DE-A408-4EED-BA43-359B9CA6B146}
	EndGlobalSection
EndGlobal
